// !$*UTF8*$!
{
	archiveVersion = 1;
	classes = {
	};
	objectVersion = 48;
	objects = {

/* Begin PBXBuildFile section */
		ED20CBE22040A941005957C8 /* ChuckNorris.swift in Sources */ = {isa = PBXBuildFile; fileRef = ED20CBE12040A941005957C8 /* ChuckNorris.swift */; };
		ED20CBE42040A98E005957C8 /* BitchSlap.swift in Sources */ = {isa = PBXBuildFile; fileRef = ED20CBE32040A98E005957C8 /* BitchSlap.swift */; };
		ED26757D2024DED0005F753D /* main.swift in Sources */ = {isa = PBXBuildFile; fileRef = ED26757C2024DED0005F753D /* main.swift */; };
		ED2675842024E0B0005F753D /* Game.swift in Sources */ = {isa = PBXBuildFile; fileRef = ED2675832024E0B0005F753D /* Game.swift */; };
		ED26758920250FD0005F753D /* Hero.swift in Sources */ = {isa = PBXBuildFile; fileRef = ED26758820250FD0005F753D /* Hero.swift */; };
		ED26758B20250FE2005F753D /* Warrior.swift in Sources */ = {isa = PBXBuildFile; fileRef = ED26758A20250FE2005F753D /* Warrior.swift */; };
		ED26758D20250FF0005F753D /* Wizard.swift in Sources */ = {isa = PBXBuildFile; fileRef = ED26758C20250FF0005F753D /* Wizard.swift */; };
		ED26758F20251003005F753D /* Dwarf.swift in Sources */ = {isa = PBXBuildFile; fileRef = ED26758E20251003005F753D /* Dwarf.swift */; };
		ED2675912025100F005F753D /* Colossus.swift in Sources */ = {isa = PBXBuildFile; fileRef = ED2675902025100F005F753D /* Colossus.swift */; };
		ED26759320251078005F753D /* Sword.swift in Sources */ = {isa = PBXBuildFile; fileRef = ED26759220251078005F753D /* Sword.swift */; };
		ED267595202510AE005F753D /* Hansaplast.swift in Sources */ = {isa = PBXBuildFile; fileRef = ED267594202510AE005F753D /* Hansaplast.swift */; };
		ED26759920251107005F753D /* RubberChicken.swift in Sources */ = {isa = PBXBuildFile; fileRef = ED26759820251107005F753D /* RubberChicken.swift */; };
		ED26759D2025112E005F753D /* Weapons.swift in Sources */ = {isa = PBXBuildFile; fileRef = ED26759C2025112E005F753D /* Weapons.swift */; };
		ED26759F20251149005F753D /* Team.swift in Sources */ = {isa = PBXBuildFile; fileRef = ED26759E20251149005F753D /* Team.swift */; };
		ED2675A120252000005F753D /* Club.swift in Sources */ = {isa = PBXBuildFile; fileRef = ED2675A020252000005F753D /* Club.swift */; };
		ED319DA52049B61D00CE0821 /* TheKickAss.swift in Sources */ = {isa = PBXBuildFile; fileRef = ED319DA42049B61D00CE0821 /* TheKickAss.swift */; };
		ED319DA72049B68800CE0821 /* TheKissItBetter.swift in Sources */ = {isa = PBXBuildFile; fileRef = ED319DA62049B68800CE0821 /* TheKissItBetter.swift */; };
		ED5051E02052C443001AD544 /* NameCheck.swift in Sources */ = {isa = PBXBuildFile; fileRef = ED5051DF2052C443001AD544 /* NameCheck.swift */; };
/* End PBXBuildFile section */

/* Begin PBXCopyFilesBuildPhase section */
		ED2675772024DED0005F753D /* CopyFiles */ = {
			isa = PBXCopyFilesBuildPhase;
			buildActionMask = 2147483647;
			dstPath = /usr/share/man/man1/;
			dstSubfolderSpec = 0;
			files = (
			);
			runOnlyForDeploymentPostprocessing = 1;
		};
/* End PBXCopyFilesBuildPhase section */

/* Begin PBXFileReference section */
		ED20CBE12040A941005957C8 /* ChuckNorris.swift */ = {isa = PBXFileReference; lastKnownFileType = sourcecode.swift; path = ChuckNorris.swift; sourceTree = "<group>"; };
		ED20CBE32040A98E005957C8 /* BitchSlap.swift */ = {isa = PBXFileReference; lastKnownFileType = sourcecode.swift; path = BitchSlap.swift; sourceTree = "<group>"; };
		ED2675792024DED0005F753D /* Projet 3 */ = {isa = PBXFileReference; explicitFileType = "compiled.mach-o.executable"; includeInIndex = 0; path = "Projet 3"; sourceTree = BUILT_PRODUCTS_DIR; };
		ED26757C2024DED0005F753D /* main.swift */ = {isa = PBXFileReference; lastKnownFileType = sourcecode.swift; path = main.swift; sourceTree = "<group>"; };
		ED2675832024E0B0005F753D /* Game.swift */ = {isa = PBXFileReference; lastKnownFileType = sourcecode.swift; path = Game.swift; sourceTree = "<group>"; };
		ED26758820250FD0005F753D /* Hero.swift */ = {isa = PBXFileReference; lastKnownFileType = sourcecode.swift; path = Hero.swift; sourceTree = "<group>"; };
		ED26758A20250FE2005F753D /* Warrior.swift */ = {isa = PBXFileReference; lastKnownFileType = sourcecode.swift; path = Warrior.swift; sourceTree = "<group>"; };
		ED26758C20250FF0005F753D /* Wizard.swift */ = {isa = PBXFileReference; lastKnownFileType = sourcecode.swift; path = Wizard.swift; sourceTree = "<group>"; };
		ED26758E20251003005F753D /* Dwarf.swift */ = {isa = PBXFileReference; lastKnownFileType = sourcecode.swift; path = Dwarf.swift; sourceTree = "<group>"; };
		ED2675902025100F005F753D /* Colossus.swift */ = {isa = PBXFileReference; lastKnownFileType = sourcecode.swift; path = Colossus.swift; sourceTree = "<group>"; };
		ED26759220251078005F753D /* Sword.swift */ = {isa = PBXFileReference; lastKnownFileType = sourcecode.swift; path = Sword.swift; sourceTree = "<group>"; };
		ED267594202510AE005F753D /* Hansaplast.swift */ = {isa = PBXFileReference; lastKnownFileType = sourcecode.swift; path = Hansaplast.swift; sourceTree = "<group>"; };
		ED26759820251107005F753D /* RubberChicken.swift */ = {isa = PBXFileReference; lastKnownFileType = sourcecode.swift; path = RubberChicken.swift; sourceTree = "<group>"; };
		ED26759C2025112E005F753D /* Weapons.swift */ = {isa = PBXFileReference; lastKnownFileType = sourcecode.swift; path = Weapons.swift; sourceTree = "<group>"; };
		ED26759E20251149005F753D /* Team.swift */ = {isa = PBXFileReference; lastKnownFileType = sourcecode.swift; path = Team.swift; sourceTree = "<group>"; };
		ED2675A020252000005F753D /* Club.swift */ = {isa = PBXFileReference; lastKnownFileType = sourcecode.swift; path = Club.swift; sourceTree = "<group>"; };
		ED319DA42049B61D00CE0821 /* TheKickAss.swift */ = {isa = PBXFileReference; lastKnownFileType = sourcecode.swift; path = TheKickAss.swift; sourceTree = "<group>"; };
		ED319DA62049B68800CE0821 /* TheKissItBetter.swift */ = {isa = PBXFileReference; lastKnownFileType = sourcecode.swift; path = TheKissItBetter.swift; sourceTree = "<group>"; };
		ED5051DF2052C443001AD544 /* NameCheck.swift */ = {isa = PBXFileReference; lastKnownFileType = sourcecode.swift; path = NameCheck.swift; sourceTree = "<group>"; };
/* End PBXFileReference section */

/* Begin PBXFrameworksBuildPhase section */
		ED2675762024DED0005F753D /* Frameworks */ = {
			isa = PBXFrameworksBuildPhase;
			buildActionMask = 2147483647;
			files = (
			);
			runOnlyForDeploymentPostprocessing = 0;
		};
/* End PBXFrameworksBuildPhase section */

/* Begin PBXGroup section */
		ED2675702024DED0005F753D = {
			isa = PBXGroup;
			children = (
				ED26757B2024DED0005F753D /* Projet 3 */,
				ED26757A2024DED0005F753D /* Products */,
			);
			sourceTree = "<group>";
		};
		ED26757A2024DED0005F753D /* Products */ = {
			isa = PBXGroup;
			children = (
				ED2675792024DED0005F753D /* Projet 3 */,
			);
			name = Products;
			sourceTree = "<group>";
		};
		ED26757B2024DED0005F753D /* Projet 3 */ = {
			isa = PBXGroup;
			children = (
				ED26757C2024DED0005F753D /* main.swift */,
				ED2675832024E0B0005F753D /* Game.swift */,
				ED26758520250F74005F753D /* Heroes */,
				ED26758620250F8B005F753D /* Weapons */,
				ED26758720250FB9005F753D /* Team */,
				ED5FDB9A202B4E500078751F /* Tools */,
			);
			path = "Projet 3";
			sourceTree = "<group>";
		};
		ED26758520250F74005F753D /* Heroes */ = {
			isa = PBXGroup;
			children = (
				ED26758820250FD0005F753D /* Hero.swift */,
				ED26758A20250FE2005F753D /* Warrior.swift */,
				ED26758C20250FF0005F753D /* Wizard.swift */,
				ED26758E20251003005F753D /* Dwarf.swift */,
				ED2675902025100F005F753D /* Colossus.swift */,
				ED20CBE12040A941005957C8 /* ChuckNorris.swift */,
			);
			path = Heroes;
			sourceTree = "<group>";
		};
		ED26758620250F8B005F753D /* Weapons */ = {
			isa = PBXGroup;
			children = (
				ED26759C2025112E005F753D /* Weapons.swift */,
				ED319DA42049B61D00CE0821 /* TheKickAss.swift */,
				ED319DA62049B68800CE0821 /* TheKissItBetter.swift */,
				ED26759220251078005F753D /* Sword.swift */,
				ED267594202510AE005F753D /* Hansaplast.swift */,
				ED2675A020252000005F753D /* Club.swift */,
				ED26759820251107005F753D /* RubberChicken.swift */,
				ED20CBE32040A98E005957C8 /* BitchSlap.swift */,
			);
			path = Weapons;
			sourceTree = "<group>";
		};
		ED26758720250FB9005F753D /* Team */ = {
			isa = PBXGroup;
			children = (
				ED26759E20251149005F753D /* Team.swift */,
			);
			path = Team;
			sourceTree = "<group>";
		};
		ED5FDB9A202B4E500078751F /* Tools */ = {
			isa = PBXGroup;
			children = (
				ED5051DF2052C443001AD544 /* NameCheck.swift */,
			);
			path = Tools;
			sourceTree = "<group>";
		};
/* End PBXGroup section */

/* Begin PBXNativeTarget section */
		ED2675782024DED0005F753D /* Projet 3 */ = {
			isa = PBXNativeTarget;
			buildConfigurationList = ED2675802024DED0005F753D /* Build configuration list for PBXNativeTarget "Projet 3" */;
			buildPhases = (
				ED2675752024DED0005F753D /* Sources */,
				ED2675762024DED0005F753D /* Frameworks */,
				ED2675772024DED0005F753D /* CopyFiles */,
			);
			buildRules = (
			);
			dependencies = (
			);
			name = "Projet 3";
			productName = "Projet 3";
			productReference = ED2675792024DED0005F753D /* Projet 3 */;
			productType = "com.apple.product-type.tool";
		};
/* End PBXNativeTarget section */

/* Begin PBXProject section */
		ED2675712024DED0005F753D /* Project object */ = {
			isa = PBXProject;
			attributes = {
				LastSwiftUpdateCheck = 0910;
				LastUpgradeCheck = 0930;
				ORGANIZATIONNAME = "Michael Favre";
				TargetAttributes = {
					ED2675782024DED0005F753D = {
						CreatedOnToolsVersion = 9.1;
						ProvisioningStyle = Automatic;
					};
				};
			};
			buildConfigurationList = ED2675742024DED0005F753D /* Build configuration list for PBXProject "Projet 3" */;
			compatibilityVersion = "Xcode 8.0";
			developmentRegion = en;
			hasScannedForEncodings = 0;
			knownRegions = (
				en,
			);
			mainGroup = ED2675702024DED0005F753D;
			productRefGroup = ED26757A2024DED0005F753D /* Products */;
			projectDirPath = "";
			projectRoot = "";
			targets = (
				ED2675782024DED0005F753D /* Projet 3 */,
			);
		};
/* End PBXProject section */

/* Begin PBXSourcesBuildPhase section */
		ED2675752024DED0005F753D /* Sources */ = {
			isa = PBXSourcesBuildPhase;
			buildActionMask = 2147483647;
			files = (
				ED20CBE22040A941005957C8 /* ChuckNorris.swift in Sources */,
				ED26758920250FD0005F753D /* Hero.swift in Sources */,
				ED26757D2024DED0005F753D /* main.swift in Sources */,
				ED26759F20251149005F753D /* Team.swift in Sources */,
				ED20CBE42040A98E005957C8 /* BitchSlap.swift in Sources */,
				ED26758F20251003005F753D /* Dwarf.swift in Sources */,
				ED26759920251107005F753D /* RubberChicken.swift in Sources */,
				ED26759320251078005F753D /* Sword.swift in Sources */,
				ED2675912025100F005F753D /* Colossus.swift in Sources */,
				ED267595202510AE005F753D /* Hansaplast.swift in Sources */,
				ED5051E02052C443001AD544 /* NameCheck.swift in Sources */,
				ED319DA52049B61D00CE0821 /* TheKickAss.swift in Sources */,
				ED2675A120252000005F753D /* Club.swift in Sources */,
				ED26758B20250FE2005F753D /* Warrior.swift in Sources */,
				ED26758D20250FF0005F753D /* Wizard.swift in Sources */,
				ED26759D2025112E005F753D /* Weapons.swift in Sources */,
				ED319DA72049B68800CE0821 /* TheKissItBetter.swift in Sources */,
				ED2675842024E0B0005F753D /* Game.swift in Sources */,
			);
			runOnlyForDeploymentPostprocessing = 0;
		};
/* End PBXSourcesBuildPhase section */

/* Begin XCBuildConfiguration section */
		ED26757E2024DED0005F753D /* Debug */ = {
			isa = XCBuildConfiguration;
			buildSettings = {
				ALWAYS_SEARCH_USER_PATHS = NO;
				CLANG_ANALYZER_NONNULL = YES;
				CLANG_ANALYZER_NUMBER_OBJECT_CONVERSION = YES_AGGRESSIVE;
				CLANG_CXX_LANGUAGE_STANDARD = "gnu++14";
				CLANG_CXX_LIBRARY = "libc++";
				CLANG_ENABLE_MODULES = YES;
				CLANG_ENABLE_OBJC_ARC = YES;
				CLANG_WARN_BLOCK_CAPTURE_AUTORELEASING = YES;
				CLANG_WARN_BOOL_CONVERSION = YES;
				CLANG_WARN_COMMA = YES;
				CLANG_WARN_CONSTANT_CONVERSION = YES;
				CLANG_WARN_DEPRECATED_OBJC_IMPLEMENTATIONS = YES;
				CLANG_WARN_DIRECT_OBJC_ISA_USAGE = YES_ERROR;
				CLANG_WARN_DOCUMENTATION_COMMENTS = YES;
				CLANG_WARN_EMPTY_BODY = YES;
				CLANG_WARN_ENUM_CONVERSION = YES;
				CLANG_WARN_INFINITE_RECURSION = YES;
				CLANG_WARN_INT_CONVERSION = YES;
				CLANG_WARN_NON_LITERAL_NULL_CONVERSION = YES;
				CLANG_WARN_OBJC_IMPLICIT_RETAIN_SELF = YES;
				CLANG_WARN_OBJC_LITERAL_CONVERSION = YES;
				CLANG_WARN_OBJC_ROOT_CLASS = YES_ERROR;
				CLANG_WARN_RANGE_LOOP_ANALYSIS = YES;
				CLANG_WARN_STRICT_PROTOTYPES = YES;
				CLANG_WARN_SUSPICIOUS_MOVE = YES;
				CLANG_WARN_UNGUARDED_AVAILABILITY = YES_AGGRESSIVE;
				CLANG_WARN_UNREACHABLE_CODE = YES;
				CLANG_WARN__DUPLICATE_METHOD_MATCH = YES;
				CODE_SIGN_IDENTITY = "-";
				COPY_PHASE_STRIP = NO;
				DEBUG_INFORMATION_FORMAT = dwarf;
				ENABLE_STRICT_OBJC_MSGSEND = YES;
				ENABLE_TESTABILITY = YES;
				GCC_C_LANGUAGE_STANDARD = gnu11;
				GCC_DYNAMIC_NO_PIC = NO;
				GCC_NO_COMMON_BLOCKS = YES;
				GCC_OPTIMIZATION_LEVEL = 0;
				GCC_PREPROCESSOR_DEFINITIONS = (
					"DEBUG=1",
					"$(inherited)",
				);
				GCC_WARN_64_TO_32_BIT_CONVERSION = YES;
				GCC_WARN_ABOUT_RETURN_TYPE = YES_ERROR;
				GCC_WARN_UNDECLARED_SELECTOR = YES;
				GCC_WARN_UNINITIALIZED_AUTOS = YES_AGGRESSIVE;
				GCC_WARN_UNUSED_FUNCTION = YES;
				GCC_WARN_UNUSED_VARIABLE = YES;
				MACOSX_DEPLOYMENT_TARGET = 10.13;
				MTL_ENABLE_DEBUG_INFO = YES;
				ONLY_ACTIVE_ARCH = YES;
				SDKROOT = macosx;
				SWIFT_ACTIVE_COMPILATION_CONDITIONS = DEBUG;
				SWIFT_OPTIMIZATION_LEVEL = "-Onone";
			};
			name = Debug;
		};
		ED26757F2024DED0005F753D /* Release */ = {
			isa = XCBuildConfiguration;
			buildSettings = {
				ALWAYS_SEARCH_USER_PATHS = NO;
				CLANG_ANALYZER_NONNULL = YES;
				CLANG_ANALYZER_NUMBER_OBJECT_CONVERSION = YES_AGGRESSIVE;
				CLANG_CXX_LANGUAGE_STANDARD = "gnu++14";
				CLANG_CXX_LIBRARY = "libc++";
				CLANG_ENABLE_MODULES = YES;
				CLANG_ENABLE_OBJC_ARC = YES;
				CLANG_WARN_BLOCK_CAPTURE_AUTORELEASING = YES;
				CLANG_WARN_BOOL_CONVERSION = YES;
				CLANG_WARN_COMMA = YES;
				CLANG_WARN_CONSTANT_CONVERSION = YES;
				CLANG_WARN_DEPRECATED_OBJC_IMPLEMENTATIONS = YES;
				CLANG_WARN_DIRECT_OBJC_ISA_USAGE = YES_ERROR;
				CLANG_WARN_DOCUMENTATION_COMMENTS = YES;
				CLANG_WARN_EMPTY_BODY = YES;
				CLANG_WARN_ENUM_CONVERSION = YES;
				CLANG_WARN_INFINITE_RECURSION = YES;
				CLANG_WARN_INT_CONVERSION = YES;
				CLANG_WARN_NON_LITERAL_NULL_CONVERSION = YES;
				CLANG_WARN_OBJC_IMPLICIT_RETAIN_SELF = YES;
				CLANG_WARN_OBJC_LITERAL_CONVERSION = YES;
				CLANG_WARN_OBJC_ROOT_CLASS = YES_ERROR;
				CLANG_WARN_RANGE_LOOP_ANALYSIS = YES;
				CLANG_WARN_STRICT_PROTOTYPES = YES;
				CLANG_WARN_SUSPICIOUS_MOVE = YES;
				CLANG_WARN_UNGUARDED_AVAILABILITY = YES_AGGRESSIVE;
				CLANG_WARN_UNREACHABLE_CODE = YES;
				CLANG_WARN__DUPLICATE_METHOD_MATCH = YES;
				CODE_SIGN_IDENTITY = "-";
				COPY_PHASE_STRIP = NO;
				DEBUG_INFORMATION_FORMAT = "dwarf-with-dsym";
				ENABLE_NS_ASSERTIONS = NO;
				ENABLE_STRICT_OBJC_MSGSEND = YES;
				GCC_C_LANGUAGE_STANDARD = gnu11;
				GCC_NO_COMMON_BLOCKS = YES;
				GCC_WARN_64_TO_32_BIT_CONVERSION = YES;
				GCC_WARN_ABOUT_RETURN_TYPE = YES_ERROR;
				GCC_WARN_UNDECLARED_SELECTOR = YES;
				GCC_WARN_UNINITIALIZED_AUTOS = YES_AGGRESSIVE;
				GCC_WARN_UNUSED_FUNCTION = YES;
				GCC_WARN_UNUSED_VARIABLE = YES;
				MACOSX_DEPLOYMENT_TARGET = 10.13;
				MTL_ENABLE_DEBUG_INFO = NO;
				SDKROOT = macosx;
				SWIFT_OPTIMIZATION_LEVEL = "-Owholemodule";
			};
			name = Release;
		};
		ED2675812024DED0005F753D /* Debug */ = {
			isa = XCBuildConfiguration;
			buildSettings = {
				CODE_SIGN_STYLE = Automatic;
				PRODUCT_NAME = "$(TARGET_NAME)";
				SWIFT_VERSION = 4.0;
			};
			name = Debug;
		};
		ED2675822024DED0005F753D /* Release */ = {
			isa = XCBuildConfiguration;
			buildSettings = {
				CODE_SIGN_STYLE = Automatic;
				PRODUCT_NAME = "$(TARGET_NAME)";
				SWIFT_VERSION = 4.0;
			};
			name = Release;
		};
/* End XCBuildConfiguration section */

/* Begin XCConfigurationList section */
		ED2675742024DED0005F753D /* Build configuration list for PBXProject "Projet 3" */ = {
			isa = XCConfigurationList;
			buildConfigurations = (
				ED26757E2024DED0005F753D /* Debug */,
				ED26757F2024DED0005F753D /* Release */,
			);
			defaultConfigurationIsVisible = 0;
			defaultConfigurationName = Release;
		};
		ED2675802024DED0005F753D /* Build configuration list for PBXNativeTarget "Projet 3" */ = {
			isa = XCConfigurationList;
			buildConfigurations = (
				ED2675812024DED0005F753D /* Debug */,
				ED2675822024DED0005F753D /* Release */,
			);
			defaultConfigurationIsVisible = 0;
			defaultConfigurationName = Release;
		};
/* End XCConfigurationList section */
	};
	rootObject = ED2675712024DED0005F753D /* Project object */;
}
